github.com/Azure/azure-pipeline-go v0.1.8 h1:KmVRa8oFMaargVesEuuEoiLCQ4zCCwQ8QX/xg++KS20=
github.com/Azure/azure-pipeline-go v0.1.8/go.mod h1:XA1kFWRVhSK+KNFiOhfv83Fv8L9achrP7OxIzeTn1Yg=
github.com/Azure/azure-pipeline-go v0.2.2 h1:6oiIS9yaG6XCCzhgAgKFfIWyo4LLCiDhZot6ltoThhY=
github.com/Azure/azure-pipeline-go v0.2.2/go.mod h1:4rQ/NZncSvGqNkkOsNpOU1tgoNuIlp9AfUH5G1tvCHc=
github.com/Azure/azure-storage-blob-go v0.0.0-20190123011202-457680cc0804 h1:QjGHsWFbJyl312t0BtgkmZy2TTYA++FF0UakGbr3ZhQ=
github.com/Azure/azure-storage-blob-go v0.0.0-20190123011202-457680cc0804/go.mod h1:oGfmITT1V6x//CswqY2gtAHND+xIP64/qL7a5QJix0Y=
github.com/BurntSushi/toml v0.3.1/go.mod h1:xHWCNGjB5oqiDr8zfno3MHue2Ht5sIBksp03qcyfWMU=
github.com/cpuguy83/go-md2man v1.0.10 h1:BSKMNlYxDvnunlTymqtgONjNnaRV1sTpcovwwjF22jk=
github.com/cpuguy83/go-md2man v1.0.10/go.mod h1:SmD6nW6nTyfqj6ABTjUi3V3JVMnlJmwcJI5acqYI6dE=
github.com/jacobsa/fuse v0.0.0-20180417054321-cd3959611bcb h1:TRAjtOoio6kvnrIMLeXesGT9IydfO+zQoioKWrv40nI=
github.com/jacobsa/fuse v0.0.0-20180417054321-cd3959611bcb/go.mod h1:9Aml1MG17JVeXrN4D2mtJvYHtHklJH5bESjCKNzVjFU=
github.com/kylelemons/godebug v0.0.0-20170820004349-d65d576e9348 h1:MtvEpTB6LX3vkb4ax0b5D2DHbNAUsen0Gx5wZoq3lV4=
github.com/kylelemons/godebug v0.0.0-20170820004349-d65d576e9348/go.mod h1:B69LEHPfb2qLo0BaaOLcbitczOKLWTsrBG9LczfCD4k=
github.com/mattn/go-ieproxy v0.0.0-20190702010315-6dee0af9227d/go.mod h1:31jz6HNzdxOmlERGGEc4v/dMssOfmp2p5bT/okiKFFc=
github.com/pkg/errors v0.8.1 h1:iURUrRGxPUNPdy5/HRSm+Yj6okJ6UtLINN0Q9M4+h3I=
github.com/pkg/errors v0.8.1/go.mod h1:bwawxfHBFNV+L2hUp1rHADufV3IMtnDRdf1r5NINEl0=
github.com/russross/blackfriday v1.5.2 h1:HyvC0ARfnZBqnXwABFeSZHpKvJHJJfPz81GNueLj0oo=
github.com/russross/blackfriday v1.5.2/go.mod h1:JO/DiYxRf+HjHt06OyowR9PTA263kcR/rfWxYHBV53g=
github.com/urfave/cli v1.20.0 h1:fDqGv3UG/4jbVl/QkFwEdddtEDjh/5Ov6X+0B/3bPaw=
github.com/urfave/cli v1.20.0/go.mod h1:70zkFmudgCuE/ngEzBv17Jvp/497gISqfk5gWijbERA=
github.com/urfave/cli v1.21.0 h1:wYSSj06510qPIzGSua9ZqsncMmWE3Zr55KBERygyrxE=
github.com/urfave/cli v1.21.0/go.mod h1:lxDj6qX9Q6lWQxIrbrT0nwecwUtRnhVZAJjJZrVUZZQ=
github.com/urfave/cli v1.22.0 h1:8nz/RUUotroXnOpYzT/Fy3sBp+2XEbXaY641/s3nbFI=
github.com/urfave/cli v1.22.0/go.mod h1:b3D7uWrF2GilkNgYpgcg6J+JMUw7ehmNkE8sZdliGLc=
gopkg.in/check.v1 v0.0.0-20161208181325-20d25e280405/go.mod h1:Co6ibVJAznAaIkqp8huTwlJQCZ016jof/cbN4VW5Yz0=
gopkg.in/check.v1 v1.0.0-20161208181325-20d25e280405 h1:829vOVxxusYHC+IqBtkX5mbKtsY9fheQiQn0MZRVLfQ=
gopkg.in/check.v1 v1.0.0-20161208181325-20d25e280405/go.mod h1:Co6ibVJAznAaIkqp8huTwlJQCZ016jof/cbN4VW5Yz0=
gopkg.in/yaml.v2 v2.2.2 h1:ZCJp+EgiOT7lHqUV2J862kp8Qj64Jo6az82+3Td9dZw=
gopkg.in/yaml.v2 v2.2.2/go.mod h1:hI93XBmqTisBFMUTm0b8Fm+jr3Dg1NNxqwp+5A1VGuI=
